
Microsoft Visual Studio Solution File, Format Version 12.00
Project("{FAE04EC0-301F-11D3-BF4B-00C04F79EFBC}") = "MarvelComicsApi", "MarvelComicsApi\MarvelComicsApi.csproj", "{A82E514D-A30A-4372-B80F-F54E83D29DE0}"
EndProject
Project("{FAE04EC0-301F-11D3-BF4B-00C04F79EFBC}") = "MarvelComicsApiTest", "MarvelComicsApiTest\MarvelComicsApiTest.csproj", "{6D15C606-1B0A-48B8-B07B-AEE135B65235}"
EndProject
Global
	GlobalSection(SolutionConfigurationPlatforms) = preSolution
		Debug|Any CPU = Debug|Any CPU
		Release|Any CPU = Release|Any CPU
	EndGlobalSection
	GlobalSection(ProjectConfigurationPlatforms) = postSolution
		{A82E514D-A30A-4372-B80F-F54E83D29DE0}.Debug|Any CPU.ActiveCfg = Debug|Any CPU
		{A82E514D-A30A-4372-B80F-F54E83D29DE0}.Debug|Any CPU.Build.0 = Debug|Any CPU
		{A82E514D-A30A-4372-B80F-F54E83D29DE0}.Release|Any CPU.ActiveCfg = Release|Any CPU
		{A82E514D-A30A-4372-B80F-F54E83D29DE0}.Release|Any CPU.Build.0 = Release|Any CPU
		{6D15C606-1B0A-48B8-B07B-AEE135B65235}.Debug|Any CPU.ActiveCfg = Debug|Any CPU
		{6D15C606-1B0A-48B8-B07B-AEE135B65235}.Debug|Any CPU.Build.0 = Debug|Any CPU
		{6D15C606-1B0A-48B8-B07B-AEE135B65235}.Release|Any CPU.ActiveCfg = Release|Any CPU
		{6D15C606-1B0A-48B8-B07B-AEE135B65235}.Release|Any CPU.Build.0 = Release|Any CPU
	EndGlobalSection
EndGlobal
